<Solution>
  <Project Path="CalibrationCalculations/CalibrationCalculations.csproj" Id="5af3bc30-1a34-4a8d-b68c-f7a9efadcd72" />
  <Project Path="CalibrationCalculationsTests/CalibrationCalculationsTests.csproj" Id="16f2ae10-b1d1-4968-94d5-a8b8cf1dc4b1" />
  <Project Path="DevelopmentTests/DevelopmentTests.csproj" Id="29f47ac1-0b9c-49b8-9ef5-25346312580f" />
</Solution>
